// !$*UTF8*$!
{
	archiveVersion = 1;
	classes = {
	};
	objectVersion = 56;
	objects = {

/* Begin PBXBuildFile section */
		270FD1C429763D7C0002673D /* NaverMapDemoApp.swift in Sources */ = {isa = PBXBuildFile; fileRef = 270FD1C329763D7C0002673D /* NaverMapDemoApp.swift */; };
		270FD1C629763D7C0002673D /* ContentView.swift in Sources */ = {isa = PBXBuildFile; fileRef = 270FD1C529763D7C0002673D /* ContentView.swift */; };
		270FD1C829763D7E0002673D /* Assets.xcassets in Resources */ = {isa = PBXBuildFile; fileRef = 270FD1C729763D7E0002673D /* Assets.xcassets */; };
		270FD1CB29763D7E0002673D /* Preview Assets.xcassets in Resources */ = {isa = PBXBuildFile; fileRef = 270FD1CA29763D7E0002673D /* Preview Assets.xcassets */; };
		27281CDD29767D5A003BE8B4 /* MapViewModel.swift in Sources */ = {isa = PBXBuildFile; fileRef = 27281CDC29767D5A003BE8B4 /* MapViewModel.swift */; };
		27281CDF29767E58003BE8B4 /* csvjson.json in Resources */ = {isa = PBXBuildFile; fileRef = 27281CDE29767E58003BE8B4 /* csvjson.json */; };
		27D82C4E297D11A3004F3D94 /* MapView.swift in Sources */ = {isa = PBXBuildFile; fileRef = 27D82C4D297D11A3004F3D94 /* MapView.swift */; };
		27D82C50297D11BA004F3D94 /* NaverMap.swift in Sources */ = {isa = PBXBuildFile; fileRef = 27D82C4F297D11BA004F3D94 /* NaverMap.swift */; };
		27D82C522983C487004F3D94 /* MapViewSearchBar.swift in Sources */ = {isa = PBXBuildFile; fileRef = 27D82C512983C487004F3D94 /* MapViewSearchBar.swift */; };
		27D82C542983C554004F3D94 /* BottomSheetView.swift in Sources */ = {isa = PBXBuildFile; fileRef = 27D82C532983C554004F3D94 /* BottomSheetView.swift */; };
		27D82C562983C752004F3D94 /* TestView.swift in Sources */ = {isa = PBXBuildFile; fileRef = 27D82C552983C752004F3D94 /* TestView.swift */; };
		B586397973746DFBBE7B4AF4 /* Pods_NaverMapDemo.framework in Frameworks */ = {isa = PBXBuildFile; fileRef = CA30D536646D48BF3CF38ED7 /* Pods_NaverMapDemo.framework */; };
/* End PBXBuildFile section */

/* Begin PBXFileReference section */
		270FD1C029763D7C0002673D /* NaverMapDemo.app */ = {isa = PBXFileReference; explicitFileType = wrapper.application; includeInIndex = 0; path = NaverMapDemo.app; sourceTree = BUILT_PRODUCTS_DIR; };
		270FD1C329763D7C0002673D /* NaverMapDemoApp.swift */ = {isa = PBXFileReference; lastKnownFileType = sourcecode.swift; path = NaverMapDemoApp.swift; sourceTree = "<group>"; };
		270FD1C529763D7C0002673D /* ContentView.swift */ = {isa = PBXFileReference; lastKnownFileType = sourcecode.swift; path = ContentView.swift; sourceTree = "<group>"; };
		270FD1C729763D7E0002673D /* Assets.xcassets */ = {isa = PBXFileReference; lastKnownFileType = folder.assetcatalog; path = Assets.xcassets; sourceTree = "<group>"; };
		270FD1CA29763D7E0002673D /* Preview Assets.xcassets */ = {isa = PBXFileReference; lastKnownFileType = folder.assetcatalog; path = "Preview Assets.xcassets"; sourceTree = "<group>"; };
		27281CDB29765555003BE8B4 /* Info.plist */ = {isa = PBXFileReference; lastKnownFileType = text.plist; path = Info.plist; sourceTree = "<group>"; };
		27281CDC29767D5A003BE8B4 /* MapViewModel.swift */ = {isa = PBXFileReference; lastKnownFileType = sourcecode.swift; path = MapViewModel.swift; sourceTree = "<group>"; };
		27281CDE29767E58003BE8B4 /* csvjson.json */ = {isa = PBXFileReference; fileEncoding = 4; lastKnownFileType = text.json; path = csvjson.json; sourceTree = "<group>"; };
		27D82C4D297D11A3004F3D94 /* MapView.swift */ = {isa = PBXFileReference; lastKnownFileType = sourcecode.swift; path = MapView.swift; sourceTree = "<group>"; };
		27D82C4F297D11BA004F3D94 /* NaverMap.swift */ = {isa = PBXFileReference; lastKnownFileType = sourcecode.swift; path = NaverMap.swift; sourceTree = "<group>"; };
		27D82C512983C487004F3D94 /* MapViewSearchBar.swift */ = {isa = PBXFileReference; lastKnownFileType = sourcecode.swift; path = MapViewSearchBar.swift; sourceTree = "<group>"; };
		27D82C532983C554004F3D94 /* BottomSheetView.swift */ = {isa = PBXFileReference; lastKnownFileType = sourcecode.swift; path = BottomSheetView.swift; sourceTree = "<group>"; };
		27D82C552983C752004F3D94 /* TestView.swift */ = {isa = PBXFileReference; lastKnownFileType = sourcecode.swift; path = TestView.swift; sourceTree = "<group>"; };
		CA30D536646D48BF3CF38ED7 /* Pods_NaverMapDemo.framework */ = {isa = PBXFileReference; explicitFileType = wrapper.framework; includeInIndex = 0; path = Pods_NaverMapDemo.framework; sourceTree = BUILT_PRODUCTS_DIR; };
		D05556EDF83CEC1034392503 /* Pods-NaverMapDemo.debug.xcconfig */ = {isa = PBXFileReference; includeInIndex = 1; lastKnownFileType = text.xcconfig; name = "Pods-NaverMapDemo.debug.xcconfig"; path = "Target Support Files/Pods-NaverMapDemo/Pods-NaverMapDemo.debug.xcconfig"; sourceTree = "<group>"; };
		E13DC8841D52B7D6534EF9B2 /* Pods-NaverMapDemo.release.xcconfig */ = {isa = PBXFileReference; includeInIndex = 1; lastKnownFileType = text.xcconfig; name = "Pods-NaverMapDemo.release.xcconfig"; path = "Target Support Files/Pods-NaverMapDemo/Pods-NaverMapDemo.release.xcconfig"; sourceTree = "<group>"; };
/* End PBXFileReference section */

/* Begin PBXFrameworksBuildPhase section */
		270FD1BD29763D7C0002673D /* Frameworks */ = {
			isa = PBXFrameworksBuildPhase;
			buildActionMask = 2147483647;
			files = (
				B586397973746DFBBE7B4AF4 /* Pods_NaverMapDemo.framework in Frameworks */,
			);
			runOnlyForDeploymentPostprocessing = 0;
		};
/* End PBXFrameworksBuildPhase section */

/* Begin PBXGroup section */
		03F7FBDEB90FC4110AA42521 /* Pods */ = {
			isa = PBXGroup;
			children = (
				D05556EDF83CEC1034392503 /* Pods-NaverMapDemo.debug.xcconfig */,
				E13DC8841D52B7D6534EF9B2 /* Pods-NaverMapDemo.release.xcconfig */,
			);
			path = Pods;
			sourceTree = "<group>";
		};
		270FD1B729763D7C0002673D = {
			isa = PBXGroup;
			children = (
				270FD1C229763D7C0002673D /* NaverMapDemo */,
				270FD1C129763D7C0002673D /* Products */,
				03F7FBDEB90FC4110AA42521 /* Pods */,
				712D16C1818A18BCD8F04420 /* Frameworks */,
			);
			sourceTree = "<group>";
		};
		270FD1C129763D7C0002673D /* Products */ = {
			isa = PBXGroup;
			children = (
				270FD1C029763D7C0002673D /* NaverMapDemo.app */,
			);
			name = Products;
			sourceTree = "<group>";
		};
		270FD1C229763D7C0002673D /* NaverMapDemo */ = {
			isa = PBXGroup;
			children = (
				27281CDB29765555003BE8B4 /* Info.plist */,
				270FD1C329763D7C0002673D /* NaverMapDemoApp.swift */,
				270FD1C529763D7C0002673D /* ContentView.swift */,
				27281CDC29767D5A003BE8B4 /* MapViewModel.swift */,
				27D82C4D297D11A3004F3D94 /* MapView.swift */,
				27D82C4F297D11BA004F3D94 /* NaverMap.swift */,
				27D82C512983C487004F3D94 /* MapViewSearchBar.swift */,
				27D82C532983C554004F3D94 /* BottomSheetView.swift */,
				27D82C552983C752004F3D94 /* TestView.swift */,
				27281CDE29767E58003BE8B4 /* csvjson.json */,
				270FD1C729763D7E0002673D /* Assets.xcassets */,
				270FD1C929763D7E0002673D /* Preview Content */,
			);
			path = NaverMapDemo;
			sourceTree = "<group>";
		};
		270FD1C929763D7E0002673D /* Preview Content */ = {
			isa = PBXGroup;
			children = (
				270FD1CA29763D7E0002673D /* Preview Assets.xcassets */,
			);
			path = "Preview Content";
			sourceTree = "<group>";
		};
		712D16C1818A18BCD8F04420 /* Frameworks */ = {
			isa = PBXGroup;
			children = (
				CA30D536646D48BF3CF38ED7 /* Pods_NaverMapDemo.framework */,
			);
			name = Frameworks;
			sourceTree = "<group>";
		};
/* End PBXGroup section */

/* Begin PBXNativeTarget section */
		270FD1BF29763D7C0002673D /* NaverMapDemo */ = {
			isa = PBXNativeTarget;
			buildConfigurationList = 270FD1CE29763D7E0002673D /* Build configuration list for PBXNativeTarget "NaverMapDemo" */;
			buildPhases = (
				CC49E2AF2AED98D28778A5A7 /* [CP] Check Pods Manifest.lock */,
				270FD1BC29763D7C0002673D /* Sources */,
				270FD1BD29763D7C0002673D /* Frameworks */,
				270FD1BE29763D7C0002673D /* Resources */,
				94D21A996F5ECDA2909C8960 /* [CP] Embed Pods Frameworks */,
			);
			buildRules = (
			);
			dependencies = (
			);
			name = NaverMapDemo;
			productName = NaverMapDemo;
			productReference = 270FD1C029763D7C0002673D /* NaverMapDemo.app */;
			productType = "com.apple.product-type.application";
		};
/* End PBXNativeTarget section */

/* Begin PBXProject section */
		270FD1B829763D7C0002673D /* Project object */ = {
			isa = PBXProject;
			attributes = {
				BuildIndependentTargetsInParallel = 1;
				LastSwiftUpdateCheck = 1420;
				LastUpgradeCheck = 1420;
				TargetAttributes = {
					270FD1BF29763D7C0002673D = {
						CreatedOnToolsVersion = 14.2;
					};
				};
			};
			buildConfigurationList = 270FD1BB29763D7C0002673D /* Build configuration list for PBXProject "NaverMapDemo" */;
			compatibilityVersion = "Xcode 14.0";
			developmentRegion = en;
			hasScannedForEncodings = 0;
			knownRegions = (
				en,
				Base,
			);
			mainGroup = 270FD1B729763D7C0002673D;
			productRefGroup = 270FD1C129763D7C0002673D /* Products */;
			projectDirPath = "";
			projectRoot = "";
			targets = (
				270FD1BF29763D7C0002673D /* NaverMapDemo */,
			);
		};
/* End PBXProject section */

/* Begin PBXResourcesBuildPhase section */
		270FD1BE29763D7C0002673D /* Resources */ = {
			isa = PBXResourcesBuildPhase;
			buildActionMask = 2147483647;
			files = (
				270FD1CB29763D7E0002673D /* Preview Assets.xcassets in Resources */,
				270FD1C829763D7E0002673D /* Assets.xcassets in Resources */,
				27281CDF29767E58003BE8B4 /* csvjson.json in Resources */,
			);
			runOnlyForDeploymentPostprocessing = 0;
		};
/* End PBXResourcesBuildPhase section */

/* Begin PBXShellScriptBuildPhase section */
		94D21A996F5ECDA2909C8960 /* [CP] Embed Pods Frameworks */ = {
			isa = PBXShellScriptBuildPhase;
			buildActionMask = 2147483647;
			files = (
			);
			inputFileListPaths = (
				"${PODS_ROOT}/Target Support Files/Pods-NaverMapDemo/Pods-NaverMapDemo-frameworks-${CONFIGURATION}-input-files.xcfilelist",
			);
			name = "[CP] Embed Pods Frameworks";
			outputFileListPaths = (
				"${PODS_ROOT}/Target Support Files/Pods-NaverMapDemo/Pods-NaverMapDemo-frameworks-${CONFIGURATION}-output-files.xcfilelist",
			);
			runOnlyForDeploymentPostprocessing = 0;
			shellPath = /bin/sh;
			shellScript = "\"${PODS_ROOT}/Target Support Files/Pods-NaverMapDemo/Pods-NaverMapDemo-frameworks.sh\"\n";
			showEnvVarsInLog = 0;
		};
		CC49E2AF2AED98D28778A5A7 /* [CP] Check Pods Manifest.lock */ = {
			isa = PBXShellScriptBuildPhase;
			buildActionMask = 2147483647;
			files = (
			);
			inputFileListPaths = (
			);
			inputPaths = (
				"${PODS_PODFILE_DIR_PATH}/Podfile.lock",
				"${PODS_ROOT}/Manifest.lock",
			);
			name = "[CP] Check Pods Manifest.lock";
			outputFileListPaths = (
			);
			outputPaths = (
				"$(DERIVED_FILE_DIR)/Pods-NaverMapDemo-checkManifestLockResult.txt",
			);
			runOnlyForDeploymentPostprocessing = 0;
			shellPath = /bin/sh;
			shellScript = "diff \"${PODS_PODFILE_DIR_PATH}/Podfile.lock\" \"${PODS_ROOT}/Manifest.lock\" > /dev/null\nif [ $? != 0 ] ; then\n    # print error to STDERR\n    echo \"error: The sandbox is not in sync with the Podfile.lock. Run 'pod install' or update your CocoaPods installation.\" >&2\n    exit 1\nfi\n# This output is used by Xcode 'outputs' to avoid re-running this script phase.\necho \"SUCCESS\" > \"${SCRIPT_OUTPUT_FILE_0}\"\n";
			showEnvVarsInLog = 0;
		};
/* End PBXShellScriptBuildPhase section */

/* Begin PBXSourcesBuildPhase section */
		270FD1BC29763D7C0002673D /* Sources */ = {
			isa = PBXSourcesBuildPhase;
			buildActionMask = 2147483647;
			files = (
				27D82C542983C554004F3D94 /* BottomSheetView.swift in Sources */,
				270FD1C629763D7C0002673D /* ContentView.swift in Sources */,
				27D82C50297D11BA004F3D94 /* NaverMap.swift in Sources */,
				27D82C4E297D11A3004F3D94 /* MapView.swift in Sources */,
				27D82C562983C752004F3D94 /* TestView.swift in Sources */,
				27D82C522983C487004F3D94 /* MapViewSearchBar.swift in Sources */,
				270FD1C429763D7C0002673D /* NaverMapDemoApp.swift in Sources */,
				27281CDD29767D5A003BE8B4 /* MapViewModel.swift in Sources */,
			);
			runOnlyForDeploymentPostprocessing = 0;
		};
/* End PBXSourcesBuildPhase section */

/* Begin XCBuildConfiguration section */
		270FD1CC29763D7E0002673D /* Debug */ = {
			isa = XCBuildConfiguration;
			buildSettings = {
				ALWAYS_SEARCH_USER_PATHS = NO;
				CLANG_ANALYZER_NONNULL = YES;
				CLANG_ANALYZER_NUMBER_OBJECT_CONVERSION = YES_AGGRESSIVE;
				CLANG_CXX_LANGUAGE_STANDARD = "gnu++20";
				CLANG_ENABLE_MODULES = YES;
				CLANG_ENABLE_OBJC_ARC = YES;
				CLANG_ENABLE_OBJC_WEAK = YES;
				CLANG_WARN_BLOCK_CAPTURE_AUTORELEASING = YES;
				CLANG_WARN_BOOL_CONVERSION = YES;
				CLANG_WARN_COMMA = YES;
				CLANG_WARN_CONSTANT_CONVERSION = YES;
				CLANG_WARN_DEPRECATED_OBJC_IMPLEMENTATIONS = YES;
				CLANG_WARN_DIRECT_OBJC_ISA_USAGE = YES_ERROR;
				CLANG_WARN_DOCUMENTATION_COMMENTS = YES;
				CLANG_WARN_EMPTY_BODY = YES;
				CLANG_WARN_ENUM_CONVERSION = YES;
				CLANG_WARN_INFINITE_RECURSION = YES;
				CLANG_WARN_INT_CONVERSION = YES;
				CLANG_WARN_NON_LITERAL_NULL_CONVERSION = YES;
				CLANG_WARN_OBJC_IMPLICIT_RETAIN_SELF = YES;
				CLANG_WARN_OBJC_LITERAL_CONVERSION = YES;
				CLANG_WARN_OBJC_ROOT_CLASS = YES_ERROR;
				CLANG_WARN_QUOTED_INCLUDE_IN_FRAMEWORK_HEADER = YES;
				CLANG_WARN_RANGE_LOOP_ANALYSIS = YES;
				CLANG_WARN_STRICT_PROTOTYPES = YES;
				CLANG_WARN_SUSPICIOUS_MOVE = YES;
				CLANG_WARN_UNGUARDED_AVAILABILITY = YES_AGGRESSIVE;
				CLANG_WARN_UNREACHABLE_CODE = YES;
				CLANG_WARN__DUPLICATE_METHOD_MATCH = YES;
				COPY_PHASE_STRIP = NO;
				DEBUG_INFORMATION_FORMAT = dwarf;
				ENABLE_STRICT_OBJC_MSGSEND = YES;
				ENABLE_TESTABILITY = YES;
				GCC_C_LANGUAGE_STANDARD = gnu11;
				GCC_DYNAMIC_NO_PIC = NO;
				GCC_NO_COMMON_BLOCKS = YES;
				GCC_OPTIMIZATION_LEVEL = 0;
				GCC_PREPROCESSOR_DEFINITIONS = (
					"DEBUG=1",
					"$(inherited)",
				);
				GCC_WARN_64_TO_32_BIT_CONVERSION = YES;
				GCC_WARN_ABOUT_RETURN_TYPE = YES_ERROR;
				GCC_WARN_UNDECLARED_SELECTOR = YES;
				GCC_WARN_UNINITIALIZED_AUTOS = YES_AGGRESSIVE;
				GCC_WARN_UNUSED_FUNCTION = YES;
				GCC_WARN_UNUSED_VARIABLE = YES;
				IPHONEOS_DEPLOYMENT_TARGET = 16.1;
				MTL_ENABLE_DEBUG_INFO = INCLUDE_SOURCE;
				MTL_FAST_MATH = YES;
				ONLY_ACTIVE_ARCH = YES;
				SDKROOT = iphoneos;
				SWIFT_ACTIVE_COMPILATION_CONDITIONS = DEBUG;
				SWIFT_OPTIMIZATION_LEVEL = "-Onone";
			};
			name = Debug;
		};
		270FD1CD29763D7E0002673D /* Release */ = {
			isa = XCBuildConfiguration;
			buildSettings = {
				ALWAYS_SEARCH_USER_PATHS = NO;
				CLANG_ANALYZER_NONNULL = YES;
				CLANG_ANALYZER_NUMBER_OBJECT_CONVERSION = YES_AGGRESSIVE;
				CLANG_CXX_LANGUAGE_STANDARD = "gnu++20";
				CLANG_ENABLE_MODULES = YES;
				CLANG_ENABLE_OBJC_ARC = YES;
				CLANG_ENABLE_OBJC_WEAK = YES;
				CLANG_WARN_BLOCK_CAPTURE_AUTORELEASING = YES;
				CLANG_WARN_BOOL_CONVERSION = YES;
				CLANG_WARN_COMMA = YES;
				CLANG_WARN_CONSTANT_CONVERSION = YES;
				CLANG_WARN_DEPRECATED_OBJC_IMPLEMENTATIONS = YES;
				CLANG_WARN_DIRECT_OBJC_ISA_USAGE = YES_ERROR;
				CLANG_WARN_DOCUMENTATION_COMMENTS = YES;
				CLANG_WARN_EMPTY_BODY = YES;
				CLANG_WARN_ENUM_CONVERSION = YES;
				CLANG_WARN_INFINITE_RECURSION = YES;
				CLANG_WARN_INT_CONVERSION = YES;
				CLANG_WARN_NON_LITERAL_NULL_CONVERSION = YES;
				CLANG_WARN_OBJC_IMPLICIT_RETAIN_SELF = YES;
				CLANG_WARN_OBJC_LITERAL_CONVERSION = YES;
				CLANG_WARN_OBJC_ROOT_CLASS = YES_ERROR;
				CLANG_WARN_QUOTED_INCLUDE_IN_FRAMEWORK_HEADER = YES;
				CLANG_WARN_RANGE_LOOP_ANALYSIS = YES;
				CLANG_WARN_STRICT_PROTOTYPES = YES;
				CLANG_WARN_SUSPICIOUS_MOVE = YES;
				CLANG_WARN_UNGUARDED_AVAILABILITY = YES_AGGRESSIVE;
				CLANG_WARN_UNREACHABLE_CODE = YES;
				CLANG_WARN__DUPLICATE_METHOD_MATCH = YES;
				COPY_PHASE_STRIP = NO;
				DEBUG_INFORMATION_FORMAT = "dwarf-with-dsym";
				ENABLE_NS_ASSERTIONS = NO;
				ENABLE_STRICT_OBJC_MSGSEND = YES;
				GCC_C_LANGUAGE_STANDARD = gnu11;
				GCC_NO_COMMON_BLOCKS = YES;
				GCC_WARN_64_TO_32_BIT_CONVERSION = YES;
				GCC_WARN_ABOUT_RETURN_TYPE = YES_ERROR;
				GCC_WARN_UNDECLARED_SELECTOR = YES;
				GCC_WARN_UNINITIALIZED_AUTOS = YES_AGGRESSIVE;
				GCC_WARN_UNUSED_FUNCTION = YES;
				GCC_WARN_UNUSED_VARIABLE = YES;
				IPHONEOS_DEPLOYMENT_TARGET = 16.1;
				MTL_ENABLE_DEBUG_INFO = NO;
				MTL_FAST_MATH = YES;
				SDKROOT = iphoneos;
				SWIFT_COMPILATION_MODE = wholemodule;
				SWIFT_OPTIMIZATION_LEVEL = "-O";
				VALIDATE_PRODUCT = YES;
			};
			name = Release;
		};
		270FD1CF29763D7E0002673D /* Debug */ = {
			isa = XCBuildConfiguration;
			baseConfigurationReference = D05556EDF83CEC1034392503 /* Pods-NaverMapDemo.debug.xcconfig */;
			buildSettings = {
				ASSETCATALOG_COMPILER_APPICON_NAME = AppIcon;
				ASSETCATALOG_COMPILER_GLOBAL_ACCENT_COLOR_NAME = AccentColor;
				CODE_SIGN_STYLE = Automatic;
				CURRENT_PROJECT_VERSION = 1;
				DEVELOPMENT_ASSET_PATHS = "\"NaverMapDemo/Preview Content\"";
				DEVELOPMENT_TEAM = K9NKZR257N;
				ENABLE_PREVIEWS = YES;
				GENERATE_INFOPLIST_FILE = YES;
				INFOPLIST_FILE = NaverMapDemo/Info.plist;
				INFOPLIST_KEY_NSLocationWhenInUseUsageDescription = "해당 앱은 플레이스 정보 조회를 위해 사용자의 현위치를 제공 받습니다.";
				INFOPLIST_KEY_UIApplicationSceneManifest_Generation = YES;
				INFOPLIST_KEY_UIApplicationSupportsIndirectInputEvents = YES;
				INFOPLIST_KEY_UILaunchScreen_Generation = YES;
				INFOPLIST_KEY_UISupportedInterfaceOrientations_iPad = "UIInterfaceOrientationPortrait UIInterfaceOrientationPortraitUpsideDown UIInterfaceOrientationLandscapeLeft UIInterfaceOrientationLandscapeRight";
				INFOPLIST_KEY_UISupportedInterfaceOrientations_iPhone = "UIInterfaceOrientationPortrait UIInterfaceOrientationLandscapeLeft UIInterfaceOrientationLandscapeRight";
				LD_RUNPATH_SEARCH_PATHS = (
					"$(inherited)",
					"@executable_path/Frameworks",
				);
				MARKETING_VERSION = 1.0;
				PRODUCT_BUNDLE_IDENTIFIER = "changhyun-kyle.NaverMapDemo";
				PRODUCT_NAME = "$(TARGET_NAME)";
				SWIFT_EMIT_LOC_STRINGS = YES;
				SWIFT_VERSION = 5.0;
				TARGETED_DEVICE_FAMILY = "1,2";
			};
			name = Debug;
		};
		270FD1D029763D7E0002673D /* Release */ = {
			isa = XCBuildConfiguration;
			baseConfigurationReference = E13DC8841D52B7D6534EF9B2 /* Pods-NaverMapDemo.release.xcconfig */;
			buildSettings = {
				ASSETCATALOG_COMPILER_APPICON_NAME = AppIcon;
				ASSETCATALOG_COMPILER_GLOBAL_ACCENT_COLOR_NAME = AccentColor;
				CODE_SIGN_STYLE = Automatic;
				CURRENT_PROJECT_VERSION = 1;
				DEVELOPMENT_ASSET_PATHS = "\"NaverMapDemo/Preview Content\"";
				DEVELOPMENT_TEAM = K9NKZR257N;
				ENABLE_PREVIEWS = YES;
				GENERATE_INFOPLIST_FILE = YES;
				INFOPLIST_FILE = NaverMapDemo/Info.plist;
				INFOPLIST_KEY_NSLocationWhenInUseUsageDescription = "해당 앱은 플레이스 정보 조회를 위해 사용자의 현위치를 제공 받습니다.";
				INFOPLIST_KEY_UIApplicationSceneManifest_Generation = YES;
				INFOPLIST_KEY_UIApplicationSupportsIndirectInputEvents = YES;
				INFOPLIST_KEY_UILaunchScreen_Generation = YES;
				INFOPLIST_KEY_UISupportedInterfaceOrientations_iPad = "UIInterfaceOrientationPortrait UIInterfaceOrientationPortraitUpsideDown UIInterfaceOrientationLandscapeLeft UIInterfaceOrientationLandscapeRight";
				INFOPLIST_KEY_UISupportedInterfaceOrientations_iPhone = "UIInterfaceOrientationPortrait UIInterfaceOrientationLandscapeLeft UIInterfaceOrientationLandscapeRight";
				LD_RUNPATH_SEARCH_PATHS = (
					"$(inherited)",
					"@executable_path/Frameworks",
				);
				MARKETING_VERSION = 1.0;
				PRODUCT_BUNDLE_IDENTIFIER = "changhyun-kyle.NaverMapDemo";
				PRODUCT_NAME = "$(TARGET_NAME)";
				SWIFT_EMIT_LOC_STRINGS = YES;
				SWIFT_VERSION = 5.0;
				TARGETED_DEVICE_FAMILY = "1,2";
			};
			name = Release;
		};
/* End XCBuildConfiguration section */

/* Begin XCConfigurationList section */
		270FD1BB29763D7C0002673D /* Build configuration list for PBXProject "NaverMapDemo" */ = {
			isa = XCConfigurationList;
			buildConfigurations = (
				270FD1CC29763D7E0002673D /* Debug */,
				270FD1CD29763D7E0002673D /* Release */,
			);
			defaultConfigurationIsVisible = 0;
			defaultConfigurationName = Release;
		};
		270FD1CE29763D7E0002673D /* Build configuration list for PBXNativeTarget "NaverMapDemo" */ = {
			isa = XCConfigurationList;
			buildConfigurations = (
				270FD1CF29763D7E0002673D /* Debug */,
				270FD1D029763D7E0002673D /* Release */,
			);
			defaultConfigurationIsVisible = 0;
			defaultConfigurationName = Release;
		};
/* End XCConfigurationList section */
	};
	rootObject = 270FD1B829763D7C0002673D /* Project object */;
}
